
Microsoft Visual Studio Solution File, Format Version 12.00
# Visual Studio Version 16
VisualStudioVersion = 16.0.30517.126
MinimumVisualStudioVersion = 10.0.40219.1
Project("{FAE04EC0-301F-11D3-BF4B-00C04F79EFBC}") = "frontlook_csharp_library", "frontlook_csharp_library\frontlook_csharp_library.csproj", "{A1BE2209-B60A-43FD-9C3D-56AF443CEFA1}"
EndProject
Project("{FAE04EC0-301F-11D3-BF4B-00C04F79EFBC}") = "FclTest", "FclTest\FclTest.csproj", "{7BB15285-CBE3-4064-BCD2-99ABFA0BDF7C}"
EndProject
Project("{FAE04EC0-301F-11D3-BF4B-00C04F79EFBC}") = "FrontLookDesktopLibrary", "FrontLookDesktopLibrary\FrontLookDesktopLibrary.csproj", "{F7A9969C-5A6A-43CD-985B-BE46AFF16153}"
EndProject
Global
	GlobalSection(SolutionConfigurationPlatforms) = preSolution
		Debug|Any CPU = Debug|Any CPU
		Release|Any CPU = Release|Any CPU
	EndGlobalSection
	GlobalSection(ProjectConfigurationPlatforms) = postSolution
		{A1BE2209-B60A-43FD-9C3D-56AF443CEFA1}.Debug|Any CPU.ActiveCfg = Release|Any CPU
		{A1BE2209-B60A-43FD-9C3D-56AF443CEFA1}.Debug|Any CPU.Build.0 = Release|Any CPU
		{A1BE2209-B60A-43FD-9C3D-56AF443CEFA1}.Release|Any CPU.ActiveCfg = Release|Any CPU
		{A1BE2209-B60A-43FD-9C3D-56AF443CEFA1}.Release|Any CPU.Build.0 = Release|Any CPU
		{7BB15285-CBE3-4064-BCD2-99ABFA0BDF7C}.Debug|Any CPU.ActiveCfg = Debug|Any CPU
		{7BB15285-CBE3-4064-BCD2-99ABFA0BDF7C}.Debug|Any CPU.Build.0 = Debug|Any CPU
		{7BB15285-CBE3-4064-BCD2-99ABFA0BDF7C}.Release|Any CPU.ActiveCfg = Release|Any CPU
		{7BB15285-CBE3-4064-BCD2-99ABFA0BDF7C}.Release|Any CPU.Build.0 = Release|Any CPU
		{F7A9969C-5A6A-43CD-985B-BE46AFF16153}.Debug|Any CPU.ActiveCfg = Debug|Any CPU
		{F7A9969C-5A6A-43CD-985B-BE46AFF16153}.Debug|Any CPU.Build.0 = Debug|Any CPU
		{F7A9969C-5A6A-43CD-985B-BE46AFF16153}.Release|Any CPU.ActiveCfg = Release|Any CPU
		{F7A9969C-5A6A-43CD-985B-BE46AFF16153}.Release|Any CPU.Build.0 = Release|Any CPU
	EndGlobalSection
	GlobalSection(SolutionProperties) = preSolution
		HideSolutionNode = FALSE
	EndGlobalSection
	GlobalSection(ExtensibilityGlobals) = postSolution
		SolutionGuid = {D5CB1CE7-7674-42EB-8159-CC7D88D0AC00}
	EndGlobalSection
EndGlobal
